
Microsoft Visual Studio Solution File, Format Version 12.00
# Visual Studio Version 16
VisualStudioVersion = 16.0.30907.101
MinimumVisualStudioVersion = 10.0.40219.1
Project("{8BC9CEB8-8B4A-11D0-8D11-00A0C91BC942}") = "HW1 - Assignment1", "HW1 - Assignment1\HW1 - Assignment1.vcxproj", "{3FEC6E5F-050C-4612-BB89-CD6A66248D07}"
EndProject
Global
	GlobalSection(SolutionConfigurationPlatforms) = preSolution
		Debug|x64 = Debug|x64
		Debug|x86 = Debug|x86
		Release|x64 = Release|x64
		Release|x86 = Release|x86
	EndGlobalSection
	GlobalSection(ProjectConfigurationPlatforms) = postSolution
		{3FEC6E5F-050C-4612-BB89-CD6A66248D07}.Debug|x64.ActiveCfg = Debug|x64
		{3FEC6E5F-050C-4612-BB89-CD6A66248D07}.Debug|x64.Build.0 = Debug|x64
		{3FEC6E5F-050C-4612-BB89-CD6A66248D07}.Debug|x86.ActiveCfg = Debug|Win32
		{3FEC6E5F-050C-4612-BB89-CD6A66248D07}.Debug|x86.Build.0 = Debug|Win32
		{3FEC6E5F-050C-4612-BB89-CD6A66248D07}.Release|x64.ActiveCfg = Release|x64
		{3FEC6E5F-050C-4612-BB89-CD6A66248D07}.Release|x64.Build.0 = Release|x64
		{3FEC6E5F-050C-4612-BB89-CD6A66248D07}.Release|x86.ActiveCfg = Release|Win32
		{3FEC6E5F-050C-4612-BB89-CD6A66248D07}.Release|x86.Build.0 = Release|Win32
	EndGlobalSection
	GlobalSection(SolutionProperties) = preSolution
		HideSolutionNode = FALSE
	EndGlobalSection
	GlobalSection(ExtensibilityGlobals) = postSolution
		SolutionGuid = {40CBA9D9-3F5A-4A1B-9383-B8EEC33B5874}
	EndGlobalSection
EndGlobal
